
Microsoft Visual Studio Solution File, Format Version 12.00
# Visual Studio 15
VisualStudioVersion = 15.0.27004.2009
MinimumVisualStudioVersion = 10.0.40219.1
Project("{FAE04EC0-301F-11D3-BF4B-00C04F79EFBC}") = "Windows10Inking", "Windows10Inking\Windows10Inking.csproj", "{FBCAF716-404D-42F5-ADC7-A34BE47E8E66}"
EndProject
Global
	GlobalSection(SolutionConfigurationPlatforms) = preSolution
		Debug|ARM = Debug|ARM
		Debug|x64 = Debug|x64
		Debug|x86 = Debug|x86
		Release|ARM = Release|ARM
		Release|x64 = Release|x64
		Release|x86 = Release|x86
	EndGlobalSection
	GlobalSection(ProjectConfigurationPlatforms) = postSolution
		{FBCAF716-404D-42F5-ADC7-A34BE47E8E66}.Debug|ARM.ActiveCfg = Debug|ARM
		{FBCAF716-404D-42F5-ADC7-A34BE47E8E66}.Debug|ARM.Build.0 = Debug|ARM
		{FBCAF716-404D-42F5-ADC7-A34BE47E8E66}.Debug|ARM.Deploy.0 = Debug|ARM
		{FBCAF716-404D-42F5-ADC7-A34BE47E8E66}.Debug|x64.ActiveCfg = Debug|x64
		{FBCAF716-404D-42F5-ADC7-A34BE47E8E66}.Debug|x64.Build.0 = Debug|x64
		{FBCAF716-404D-42F5-ADC7-A34BE47E8E66}.Debug|x64.Deploy.0 = Debug|x64
		{FBCAF716-404D-42F5-ADC7-A34BE47E8E66}.Debug|x86.ActiveCfg = Debug|x86
		{FBCAF716-404D-42F5-ADC7-A34BE47E8E66}.Debug|x86.Build.0 = Debug|x86
		{FBCAF716-404D-42F5-ADC7-A34BE47E8E66}.Debug|x86.Deploy.0 = Debug|x86
		{FBCAF716-404D-42F5-ADC7-A34BE47E8E66}.Release|ARM.ActiveCfg = Release|ARM
		{FBCAF716-404D-42F5-ADC7-A34BE47E8E66}.Release|ARM.Build.0 = Release|ARM
		{FBCAF716-404D-42F5-ADC7-A34BE47E8E66}.Release|ARM.Deploy.0 = Release|ARM
		{FBCAF716-404D-42F5-ADC7-A34BE47E8E66}.Release|x64.ActiveCfg = Release|x64
		{FBCAF716-404D-42F5-ADC7-A34BE47E8E66}.Release|x64.Build.0 = Release|x64
		{FBCAF716-404D-42F5-ADC7-A34BE47E8E66}.Release|x64.Deploy.0 = Release|x64
		{FBCAF716-404D-42F5-ADC7-A34BE47E8E66}.Release|x86.ActiveCfg = Release|x86
		{FBCAF716-404D-42F5-ADC7-A34BE47E8E66}.Release|x86.Build.0 = Release|x86
		{FBCAF716-404D-42F5-ADC7-A34BE47E8E66}.Release|x86.Deploy.0 = Release|x86
	EndGlobalSection
	GlobalSection(SolutionProperties) = preSolution
		HideSolutionNode = FALSE
	EndGlobalSection
	GlobalSection(ExtensibilityGlobals) = postSolution
		SolutionGuid = {17FA3FF4-F8EF-426B-9015-D19A357981E9}
	EndGlobalSection
EndGlobal
